<Solution>
  <Folder Name="/src/">
    <Project Path="src/Penghou.Siming.Cryptography/Penghou.Siming.Cryptography.csproj" />
    <Project Path="src/Penghou.Siming.Sqlite/Penghou.Siming.Sqlite.csproj" />
    <Project Path="src/Penghou.Siming.Testing/Penghou.Siming.Testing.csproj" />
    <Project Path="src/Penghou.Siming.Verify/Penghou.Siming.Verify.csproj" />
    <Project Path="src/Penghou.Siming/Penghou.Siming.csproj" />
  </Folder>
  <Folder Name="/tests/">
    <Project Path="tests/Penghou.Siming.Sqlite.TestHost/Penghou.Siming.Sqlite.TestHost.csproj" />
    <Project Path="tests/Penghou.Siming.Sqlite.Tests/Penghou.Siming.Sqlite.Tests.csproj" />
    <Project Path="tests/Penghou.Siming.Tests/Penghou.Siming.Tests.csproj" />
  </Folder>
  <Folder Name="/samples/">
    <Project Path="samples/Penghou.Siming.Samples/Penghou.Siming.Samples.csproj" />
  </Folder>
</Solution>
